
Microsoft Visual Studio Solution File, Format Version 12.00
# Visual Studio Version 17
VisualStudioVersion = 17.13.35913.81 d17.13
MinimumVisualStudioVersion = 10.0.40219.1
Project("{FAE04EC0-301F-11D3-BF4B-00C04F79EFBC}") = "GraphQL.API", "GraphQL.API\GraphQL.API.csproj", "{A7DF5841-1E8E-486C-AE65-AD8617F929EB}"
EndProject
Global
	GlobalSection(SolutionConfigurationPlatforms) = preSolution
		Debug|Any CPU = Debug|Any CPU
		Release|Any CPU = Release|Any CPU
	EndGlobalSection
	GlobalSection(ProjectConfigurationPlatforms) = postSolution
		{A7DF5841-1E8E-486C-AE65-AD8617F929EB}.Debug|Any CPU.ActiveCfg = Debug|Any CPU
		{A7DF5841-1E8E-486C-AE65-AD8617F929EB}.Debug|Any CPU.Build.0 = Debug|Any CPU
		{A7DF5841-1E8E-486C-AE65-AD8617F929EB}.Release|Any CPU.ActiveCfg = Release|Any CPU
		{A7DF5841-1E8E-486C-AE65-AD8617F929EB}.Release|Any CPU.Build.0 = Release|Any CPU
	EndGlobalSection
	GlobalSection(SolutionProperties) = preSolution
		HideSolutionNode = FALSE
	EndGlobalSection
	GlobalSection(ExtensibilityGlobals) = postSolution
		SolutionGuid = {0051E0DC-4272-43EE-B9D1-AF92678689B4}
	EndGlobalSection
EndGlobal
